// !$*UTF8*$!
{
	archiveVersion = 1;
	classes = {
	};
	objectVersion = 56;
	objects = {

/* Begin PBXBuildFile section */
		B1F4E7A900000002 /* NotificationsView.swift in Sources */ = {isa = PBXBuildFile; fileRef = B1F4E7A900000001 /* NotificationsView.swift */; };
		AA11000000000000000000C1 /* HogaresRDApp.swift in Sources */ = {isa = PBXBuildFile; fileRef = AA11000000000000000000B1 /* HogaresRDApp.swift */; };
		AA11000000000000000000C2 /* ContentView.swift in Sources */ = {isa = PBXBuildFile; fileRef = AA11000000000000000000B2 /* ContentView.swift */; };
		AA11000000000000000000C3 /* Listing.swift in Sources */ = {isa = PBXBuildFile; fileRef = AA11000000000000000000B3 /* Listing.swift */; };
		AA22000000000000000000D1 /* SavedStore.swift in Sources */ = {isa = PBXBuildFile; fileRef = AA22000000000000000000C1 /* SavedStore.swift */; };
		AA22000000000000000000D2 /* AgencyPortfolioView.swift in Sources */ = {isa = PBXBuildFile; fileRef = AA22000000000000000000C2 /* AgencyPortfolioView.swift */; };
		AA22000000000000000000D3 /* SavedListingsView.swift in Sources */ = {isa = PBXBuildFile; fileRef = AA22000000000000000000C3 /* SavedListingsView.swift */; };
		AA11000000000000000000C4 /* User.swift in Sources */ = {isa = PBXBuildFile; fileRef = AA11000000000000000000B4 /* User.swift */; };
		AA11000000000000000000C5 /* APIService.swift in Sources */ = {isa = PBXBuildFile; fileRef = AA11000000000000000000B5 /* APIService.swift */; };
		AA11000000000000000000C6 /* HomeView.swift in Sources */ = {isa = PBXBuildFile; fileRef = AA11000000000000000000B6 /* HomeView.swift */; };
		AA11000000000000000000C7 /* BrowseView.swift in Sources */ = {isa = PBXBuildFile; fileRef = AA11000000000000000000B7 /* BrowseView.swift */; };
		AA11000000000000000000C8 /* ListingDetailView.swift in Sources */ = {isa = PBXBuildFile; fileRef = AA11000000000000000000B8 /* ListingDetailView.swift */; };
		AA11000000000000000000C9 /* CitiesView.swift in Sources */ = {isa = PBXBuildFile; fileRef = AA11000000000000000000B9 /* CitiesView.swift */; };
		AA11000000000000000000CA /* AuthView.swift in Sources */ = {isa = PBXBuildFile; fileRef = AA11000000000000000000BA /* AuthView.swift */; };
		AA11000000000000000000CB /* ProfileView.swift in Sources */ = {isa = PBXBuildFile; fileRef = AA11000000000000000000BB /* ProfileView.swift */; };
		AA11000000000000000000CC /* Assets.xcassets in Resources */ = {isa = PBXBuildFile; fileRef = AA11000000000000000000BC /* Assets.xcassets */; };
		AA11000000000000000000CD /* SubmitListingView.swift in Sources */ = {isa = PBXBuildFile; fileRef = AA11000000000000000000BE /* SubmitListingView.swift */; };
		AA11000000000000000000CE /* FeedView.swift in Sources */ = {isa = PBXBuildFile; fileRef = AA11000000000000000000BF /* FeedView.swift */; };
		AA33000000000000000000D1 /* Ad.swift in Sources */ = {isa = PBXBuildFile; fileRef = AA33000000000000000000C1 /* Ad.swift */; };
		AA33000000000000000000D2 /* AdCard.swift in Sources */ = {isa = PBXBuildFile; fileRef = AA33000000000000000000C2 /* AdCard.swift */; };
		AA44000000000000000000D1 /* LeadApplicationView.swift in Sources */ = {isa = PBXBuildFile; fileRef = AA44000000000000000000C1 /* LeadApplicationView.swift */; };
		AA55000000000000000000C1 /* Conversation.swift in Sources */ = {isa = PBXBuildFile; fileRef = AA55000000000000000000B1 /* Conversation.swift */; };
		AA55000000000000000000C2 /* Application.swift in Sources */ = {isa = PBXBuildFile; fileRef = AA55000000000000000000B2 /* Application.swift */; };
		AA550000000000000000000000C2 /* DashboardModels.swift in Sources */ = {isa = PBXBuildFile; fileRef = AA550000000000000000000000C1 /* DashboardModels.swift */; };
		AA550000000000000000000000C4 /* BrokerDashboardView.swift in Sources */ = {isa = PBXBuildFile; fileRef = AA550000000000000000000000C3 /* BrokerDashboardView.swift */; };
		AA550000000000000000000000C6 /* InmobiliariaDashboardView.swift in Sources */ = {isa = PBXBuildFile; fileRef = AA550000000000000000000000C5 /* InmobiliariaDashboardView.swift */; };
		AA880000000000000000000000C2 /* ChatIAView.swift in Sources */ = {isa = PBXBuildFile; fileRef = AA880000000000000000000000C1 /* ChatIAView.swift */; };
		AA55000000000000000000C3 /* ConversationsView.swift in Sources */ = {isa = PBXBuildFile; fileRef = AA55000000000000000000B3 /* ConversationsView.swift */; };
		AA55000000000000000000C4 /* ConversationThreadView.swift in Sources */ = {isa = PBXBuildFile; fileRef = AA55000000000000000000B4 /* ConversationThreadView.swift */; };
		AA55000000000000000000C5 /* ApplicationsView.swift in Sources */ = {isa = PBXBuildFile; fileRef = AA55000000000000000000B5 /* ApplicationsView.swift */; };
		AA66000000000000000000C1 /* MapView.swift in Sources */ = {isa = PBXBuildFile; fileRef = AA66000000000000000000B1 /* MapView.swift */; };
		AA77000000000000000000C1 /* LocationManager.swift in Sources */ = {isa = PBXBuildFile; fileRef = AA77000000000000000000B1 /* LocationManager.swift */; };
/* End PBXBuildFile section */

/* Begin PBXFileReference section */
		B1F4E7A900000001 /* NotificationsView.swift */ = {isa = PBXFileReference; lastKnownFileType = sourcecode.swift; path = NotificationsView.swift; sourceTree = "<group>"; };
		AA11000000000000000000B1 /* HogaresRDApp.swift */ = {isa = PBXFileReference; lastKnownFileType = sourcecode.swift; path = HogaresRDApp.swift; sourceTree = "<group>"; };
		AA11000000000000000000B2 /* ContentView.swift */ = {isa = PBXFileReference; lastKnownFileType = sourcecode.swift; path = ContentView.swift; sourceTree = "<group>"; };
		AA11000000000000000000B3 /* Listing.swift */ = {isa = PBXFileReference; lastKnownFileType = sourcecode.swift; path = Listing.swift; sourceTree = "<group>"; };
		AA22000000000000000000C1 /* SavedStore.swift */ = {isa = PBXFileReference; lastKnownFileType = sourcecode.swift; path = SavedStore.swift; sourceTree = "<group>"; };
		AA22000000000000000000C2 /* AgencyPortfolioView.swift */ = {isa = PBXFileReference; lastKnownFileType = sourcecode.swift; path = AgencyPortfolioView.swift; sourceTree = "<group>"; };
		AA22000000000000000000C3 /* SavedListingsView.swift */ = {isa = PBXFileReference; lastKnownFileType = sourcecode.swift; path = SavedListingsView.swift; sourceTree = "<group>"; };
		AA11000000000000000000B4 /* User.swift */ = {isa = PBXFileReference; lastKnownFileType = sourcecode.swift; path = User.swift; sourceTree = "<group>"; };
		AA11000000000000000000B5 /* APIService.swift */ = {isa = PBXFileReference; lastKnownFileType = sourcecode.swift; path = APIService.swift; sourceTree = "<group>"; };
		AA11000000000000000000B6 /* HomeView.swift */ = {isa = PBXFileReference; lastKnownFileType = sourcecode.swift; path = HomeView.swift; sourceTree = "<group>"; };
		AA11000000000000000000B7 /* BrowseView.swift */ = {isa = PBXFileReference; lastKnownFileType = sourcecode.swift; path = BrowseView.swift; sourceTree = "<group>"; };
		AA11000000000000000000B8 /* ListingDetailView.swift */ = {isa = PBXFileReference; lastKnownFileType = sourcecode.swift; path = ListingDetailView.swift; sourceTree = "<group>"; };
		AA11000000000000000000B9 /* CitiesView.swift */ = {isa = PBXFileReference; lastKnownFileType = sourcecode.swift; path = CitiesView.swift; sourceTree = "<group>"; };
		AA11000000000000000000BA /* AuthView.swift */ = {isa = PBXFileReference; lastKnownFileType = sourcecode.swift; path = AuthView.swift; sourceTree = "<group>"; };
		AA11000000000000000000BB /* ProfileView.swift */ = {isa = PBXFileReference; lastKnownFileType = sourcecode.swift; path = ProfileView.swift; sourceTree = "<group>"; };
		AA11000000000000000000BC /* Assets.xcassets */ = {isa = PBXFileReference; lastKnownFileType = folder.assetcatalog; path = Assets.xcassets; sourceTree = "<group>"; };
		AA11000000000000000000BD /* HogaresRD.app */ = {isa = PBXFileReference; explicitFileType = wrapper.application; includeInIndex = 0; path = HogaresRD.app; sourceTree = BUILT_PRODUCTS_DIR; };
		AA11000000000000000000BE /* SubmitListingView.swift */ = {isa = PBXFileReference; lastKnownFileType = sourcecode.swift; path = SubmitListingView.swift; sourceTree = "<group>"; };
		AA11000000000000000000BF /* FeedView.swift */ = {isa = PBXFileReference; lastKnownFileType = sourcecode.swift; path = FeedView.swift; sourceTree = "<group>"; };
		AA33000000000000000000C1 /* Ad.swift */ = {isa = PBXFileReference; lastKnownFileType = sourcecode.swift; path = Ad.swift; sourceTree = "<group>"; };
		AA33000000000000000000C2 /* AdCard.swift */ = {isa = PBXFileReference; lastKnownFileType = sourcecode.swift; path = AdCard.swift; sourceTree = "<group>"; };
		AA44000000000000000000C1 /* LeadApplicationView.swift */ = {isa = PBXFileReference; lastKnownFileType = sourcecode.swift; path = LeadApplicationView.swift; sourceTree = "<group>"; };
		AA55000000000000000000B1 /* Conversation.swift */ = {isa = PBXFileReference; lastKnownFileType = sourcecode.swift; path = Conversation.swift; sourceTree = "<group>"; };
		AA55000000000000000000B2 /* Application.swift */ = {isa = PBXFileReference; lastKnownFileType = sourcecode.swift; path = Application.swift; sourceTree = "<group>"; };
		AA550000000000000000000000C1 /* DashboardModels.swift */ = {isa = PBXFileReference; lastKnownFileType = sourcecode.swift; path = DashboardModels.swift; sourceTree = "<group>"; };
		AA550000000000000000000000C3 /* BrokerDashboardView.swift */ = {isa = PBXFileReference; lastKnownFileType = sourcecode.swift; path = BrokerDashboardView.swift; sourceTree = "<group>"; };
		AA550000000000000000000000C5 /* InmobiliariaDashboardView.swift */ = {isa = PBXFileReference; lastKnownFileType = sourcecode.swift; path = InmobiliariaDashboardView.swift; sourceTree = "<group>"; };
		AA880000000000000000000000C1 /* ChatIAView.swift */ = {isa = PBXFileReference; lastKnownFileType = sourcecode.swift; path = ChatIAView.swift; sourceTree = "<group>"; };
		AA55000000000000000000B3 /* ConversationsView.swift */ = {isa = PBXFileReference; lastKnownFileType = sourcecode.swift; path = ConversationsView.swift; sourceTree = "<group>"; };
		AA55000000000000000000B4 /* ConversationThreadView.swift */ = {isa = PBXFileReference; lastKnownFileType = sourcecode.swift; path = ConversationThreadView.swift; sourceTree = "<group>"; };
		AA55000000000000000000B5 /* ApplicationsView.swift */ = {isa = PBXFileReference; lastKnownFileType = sourcecode.swift; path = ApplicationsView.swift; sourceTree = "<group>"; };
		AA66000000000000000000B1 /* MapView.swift */ = {isa = PBXFileReference; lastKnownFileType = sourcecode.swift; path = MapView.swift; sourceTree = "<group>"; };
		AA77000000000000000000B1 /* LocationManager.swift */ = {isa = PBXFileReference; lastKnownFileType = sourcecode.swift; path = LocationManager.swift; sourceTree = "<group>"; };
/* End PBXFileReference section */

/* Begin PBXFrameworksBuildPhase section */
		AA11000000000000000000D3 /* Frameworks */ = {
			isa = PBXFrameworksBuildPhase;
			buildActionMask = 2147483647;
			files = (
			);
			runOnlyForDeploymentPostprocessing = 0;
		};
/* End PBXFrameworksBuildPhase section */

/* Begin PBXGroup section */
		AA11000000000000000000A0 = {
			isa = PBXGroup;
			children = (
				AA11000000000000000000A1 /* HogaresRD */,
				AA11000000000000000000A2 /* Products */,
			);
			sourceTree = "<group>";
		};
		AA11000000000000000000A1 /* HogaresRD */ = {
			isa = PBXGroup;
			children = (
				AA11000000000000000000B1 /* HogaresRDApp.swift */,
				AA11000000000000000000B2 /* ContentView.swift */,
				AA11000000000000000000A3 /* Models */,
				AA11000000000000000000A4 /* Services */,
				AA11000000000000000000A5 /* Views */,
				AA11000000000000000000BC /* Assets.xcassets */,
			);
			path = HogaresRD;
			sourceTree = "<group>";
		};
		AA11000000000000000000A2 /* Products */ = {
			isa = PBXGroup;
			children = (
				AA11000000000000000000BD /* HogaresRD.app */,
			);
			name = Products;
			sourceTree = "<group>";
		};
		AA11000000000000000000A3 /* Models */ = {
			isa = PBXGroup;
			children = (
				AA11000000000000000000B3 /* Listing.swift */,
					AA22000000000000000000C1 /* SavedStore.swift */,
				AA11000000000000000000B4 /* User.swift */,
				AA33000000000000000000C1 /* Ad.swift */,
				AA55000000000000000000B1 /* Conversation.swift */,
				AA55000000000000000000B2 /* Application.swift */,
				AA550000000000000000000000C1 /* DashboardModels.swift */,
			);
			path = Models;
			sourceTree = "<group>";
		};
		AA11000000000000000000A4 /* Services */ = {
			isa = PBXGroup;
			children = (
				AA11000000000000000000B5 /* APIService.swift */,
				AA77000000000000000000B1 /* LocationManager.swift */,
			);
			path = Services;
			sourceTree = "<group>";
		};
		AA11000000000000000000A5 /* Views */ = {
			isa = PBXGroup;
			children = (
				B1F4E7A900000001 /* NotificationsView.swift */,
				AA11000000000000000000B6 /* HomeView.swift */,
				AA11000000000000000000B7 /* BrowseView.swift */,
				AA11000000000000000000B8 /* ListingDetailView.swift */,
				AA11000000000000000000B9 /* CitiesView.swift */,
				AA11000000000000000000BA /* AuthView.swift */,
				AA550000000000000000000000C3 /* BrokerDashboardView.swift */,
				AA550000000000000000000000C5 /* InmobiliariaDashboardView.swift */,
				AA11000000000000000000BB /* ProfileView.swift */,
				AA11000000000000000000BE /* SubmitListingView.swift */,
				AA11000000000000000000BF /* FeedView.swift */,
					AA22000000000000000000C2 /* AgencyPortfolioView.swift */,
					AA22000000000000000000C3 /* SavedListingsView.swift */,
				AA33000000000000000000C2 /* AdCard.swift */,
			AA44000000000000000000C1 /* LeadApplicationView.swift */,
			AA55000000000000000000B3 /* ConversationsView.swift */,
			AA55000000000000000000B4 /* ConversationThreadView.swift */,
			AA55000000000000000000B5 /* ApplicationsView.swift */,
			AA66000000000000000000B1 /* MapView.swift */,
			AA880000000000000000000000C1 /* ChatIAView.swift */,
			);
			path = Views;
			sourceTree = "<group>";
		};
/* End PBXGroup section */

/* Begin PBXNativeTarget section */
		AA11000000000000000000E1 /* HogaresRD */ = {
			isa = PBXNativeTarget;
			buildConfigurationList = AA11000000000000000000F6 /* Build configuration list for PBXNativeTarget "HogaresRD" */;
			buildPhases = (
				AA11000000000000000000D1 /* Sources */,
				AA11000000000000000000D2 /* Resources */,
				AA11000000000000000000D3 /* Frameworks */,
			);
			buildRules = (
			);
			dependencies = (
			);
			name = HogaresRD;
			productName = HogaresRD;
			productReference = AA11000000000000000000BD /* HogaresRD.app */;
			productType = "com.apple.product-type.application";
		};
/* End PBXNativeTarget section */

/* Begin PBXProject section */
		AA11000000000000000000E2 /* Project object */ = {
			isa = PBXProject;
			attributes = {
				BuildIndependentTargetsInParallel = 1;
				LastSwiftUpdateCheck = 1600;
				LastUpgradeCheck = 2640;
				TargetAttributes = {
					AA11000000000000000000E1 = {
						CreatedOnToolsVersion = 16.0;
					};
				};
			};
			buildConfigurationList = AA11000000000000000000F5 /* Build configuration list for PBXProject "HogaresRD" */;
			compatibilityVersion = "Xcode 14.0";
			developmentRegion = en;
			hasScannedForEncodings = 0;
			knownRegions = (
				en,
				Base,
			);
			mainGroup = AA11000000000000000000A0;
			productRefGroup = AA11000000000000000000A2 /* Products */;
			projectDirPath = "";
			projectRoot = "";
			targets = (
				AA11000000000000000000E1 /* HogaresRD */,
			);
		};
/* End PBXProject section */

/* Begin PBXResourcesBuildPhase section */
		AA11000000000000000000D2 /* Resources */ = {
			isa = PBXResourcesBuildPhase;
			buildActionMask = 2147483647;
			files = (
				AA11000000000000000000CC /* Assets.xcassets in Resources */,
			);
			runOnlyForDeploymentPostprocessing = 0;
		};
/* End PBXResourcesBuildPhase section */

/* Begin PBXSourcesBuildPhase section */
		AA11000000000000000000D1 /* Sources */ = {
			isa = PBXSourcesBuildPhase;
			buildActionMask = 2147483647;
			files = (
				B1F4E7A900000002 /* NotificationsView.swift in Sources */,
				AA11000000000000000000C1 /* HogaresRDApp.swift in Sources */,
				AA11000000000000000000C2 /* ContentView.swift in Sources */,
				AA11000000000000000000C3 /* Listing.swift in Sources */,
				AA11000000000000000000C4 /* User.swift in Sources */,
				AA11000000000000000000C5 /* APIService.swift in Sources */,
				AA11000000000000000000C6 /* HomeView.swift in Sources */,
				AA11000000000000000000C7 /* BrowseView.swift in Sources */,
				AA11000000000000000000C8 /* ListingDetailView.swift in Sources */,
				AA11000000000000000000C9 /* CitiesView.swift in Sources */,
				AA11000000000000000000CA /* AuthView.swift in Sources */,
				AA11000000000000000000CB /* ProfileView.swift in Sources */,
				AA11000000000000000000CD /* SubmitListingView.swift in Sources */,
				AA11000000000000000000CE /* FeedView.swift in Sources */,
					AA22000000000000000000D1 /* SavedStore.swift in Sources */,
					AA22000000000000000000D2 /* AgencyPortfolioView.swift in Sources */,
				AA33000000000000000000D1 /* Ad.swift in Sources */,
				AA33000000000000000000D2 /* AdCard.swift in Sources */,
			AA44000000000000000000D1 /* LeadApplicationView.swift in Sources */,
					AA22000000000000000000D3 /* SavedListingsView.swift in Sources */,
			AA55000000000000000000C1 /* Conversation.swift in Sources */,
			AA55000000000000000000C2 /* Application.swift in Sources */,
			AA550000000000000000000000C2 /* DashboardModels.swift in Sources */,
			AA550000000000000000000000C4 /* BrokerDashboardView.swift in Sources */,
			AA550000000000000000000000C6 /* InmobiliariaDashboardView.swift in Sources */,
			AA55000000000000000000C3 /* ConversationsView.swift in Sources */,
			AA55000000000000000000C4 /* ConversationThreadView.swift in Sources */,
			AA55000000000000000000C5 /* ApplicationsView.swift in Sources */,
			AA66000000000000000000C1 /* MapView.swift in Sources */,
			AA77000000000000000000C1 /* LocationManager.swift in Sources */,
			AA880000000000000000000000C2 /* ChatIAView.swift in Sources */,
			);
			runOnlyForDeploymentPostprocessing = 0;
		};
/* End PBXSourcesBuildPhase section */

/* Begin XCBuildConfiguration section */
		AA11000000000000000000F1 /* Debug */ = {
			isa = XCBuildConfiguration;
			buildSettings = {
				ALWAYS_SEARCH_USER_PATHS = NO;
				ASSETCATALOG_COMPILER_GENERATE_SWIFT_ASSET_SYMBOL_EXTENSIONS = YES;
				CLANG_ANALYZER_NONNULL = YES;
				CLANG_ANALYZER_NUMBER_OBJECT_CONVERSION = YES_AGGRESSIVE;
				CLANG_CXX_LANGUAGE_STANDARD = "gnu++20";
				CLANG_ENABLE_MODULES = YES;
				CLANG_ENABLE_OBJC_ARC = YES;
				CLANG_ENABLE_OBJC_WEAK = YES;
				CLANG_WARN_BLOCK_CAPTURE_AUTORELEASING = YES;
				CLANG_WARN_BOOL_CONVERSION = YES;
				CLANG_WARN_COMMA = YES;
				CLANG_WARN_CONSTANT_CONVERSION = YES;
				CLANG_WARN_DEPRECATED_OBJC_IMPLEMENTATIONS = YES;
				CLANG_WARN_DIRECT_OBJC_ISA_USAGE = YES_ERROR;
				CLANG_WARN_DOCUMENTATION_COMMENTS = YES;
				CLANG_WARN_EMPTY_BODY = YES;
				CLANG_WARN_ENUM_CONVERSION = YES;
				CLANG_WARN_INFINITE_RECURSION = YES;
				CLANG_WARN_INT_CONVERSION = YES;
				CLANG_WARN_NON_LITERAL_NULL_CONVERSION = YES;
				CLANG_WARN_OBJC_IMPLICIT_RETAIN_SELF = YES;
				CLANG_WARN_OBJC_LITERAL_CONVERSION = YES;
				CLANG_WARN_OBJC_ROOT_CLASS = YES_ERROR;
				CLANG_WARN_QUOTED_INCLUDE_IN_FRAMEWORK_HEADER = YES;
				CLANG_WARN_RANGE_LOOP_ANALYSIS = YES;
				CLANG_WARN_STRICT_PROTOTYPES = YES;
				CLANG_WARN_SUSPICIOUS_MOVE = YES;
				CLANG_WARN_UNGUARDED_AVAILABILITY = YES_AGGRESSIVE;
				CLANG_WARN_UNREACHABLE_CODE = YES;
				CLANG_WARN__DUPLICATE_METHOD_MATCH = YES;
				COPY_PHASE_STRIP = NO;
				DEBUG_INFORMATION_FORMAT = dwarf;
				DEVELOPMENT_TEAM = H2F8GB5825;
				ENABLE_STRICT_OBJC_MSGSEND = YES;
				ENABLE_TESTABILITY = YES;
				ENABLE_USER_SCRIPT_SANDBOXING = YES;
				GCC_C_LANGUAGE_STANDARD = gnu17;
				GCC_DYNAMIC_NO_PIC = NO;
				GCC_NO_COMMON_BLOCKS = YES;
				GCC_OPTIMIZATION_LEVEL = 0;
				GCC_PREPROCESSOR_DEFINITIONS = (
					"DEBUG=1",
					"$(inherited)",
				);
				GCC_WARN_64_TO_32_BIT_CONVERSION = YES;
				GCC_WARN_ABOUT_RETURN_TYPE = YES_ERROR;
				GCC_WARN_UNDECLARED_SELECTOR = YES;
				GCC_WARN_UNINITIALIZED_AUTOS = YES_AGGRESSIVE;
				GCC_WARN_UNUSED_FUNCTION = YES;
				GCC_WARN_UNUSED_VARIABLE = YES;
				IPHONEOS_DEPLOYMENT_TARGET = 17.0;
				LOCALIZATION_PREFERS_STRING_CATALOGS = YES;
				MTL_ENABLE_DEBUG_INFO = INCLUDE_SOURCE;
				MTL_FAST_MATH = YES;
				ONLY_ACTIVE_ARCH = YES;
				SDKROOT = iphoneos;
				STRING_CATALOG_GENERATE_SYMBOLS = YES;
				SWIFT_ACTIVE_COMPILATION_CONDITIONS = "DEBUG $(inherited)";
				SWIFT_OPTIMIZATION_LEVEL = "-Onone";
			};
			name = Debug;
		};
		AA11000000000000000000F2 /* Release */ = {
			isa = XCBuildConfiguration;
			buildSettings = {
				ALWAYS_SEARCH_USER_PATHS = NO;
				ASSETCATALOG_COMPILER_GENERATE_SWIFT_ASSET_SYMBOL_EXTENSIONS = YES;
				CLANG_ANALYZER_NONNULL = YES;
				CLANG_ANALYZER_NUMBER_OBJECT_CONVERSION = YES_AGGRESSIVE;
				CLANG_CXX_LANGUAGE_STANDARD = "gnu++20";
				CLANG_ENABLE_MODULES = YES;
				CLANG_ENABLE_OBJC_ARC = YES;
				CLANG_ENABLE_OBJC_WEAK = YES;
				CLANG_WARN_BLOCK_CAPTURE_AUTORELEASING = YES;
				CLANG_WARN_BOOL_CONVERSION = YES;
				CLANG_WARN_COMMA = YES;
				CLANG_WARN_CONSTANT_CONVERSION = YES;
				CLANG_WARN_DEPRECATED_OBJC_IMPLEMENTATIONS = YES;
				CLANG_WARN_DIRECT_OBJC_ISA_USAGE = YES_ERROR;
				CLANG_WARN_DOCUMENTATION_COMMENTS = YES;
				CLANG_WARN_EMPTY_BODY = YES;
				CLANG_WARN_ENUM_CONVERSION = YES;
				CLANG_WARN_INFINITE_RECURSION = YES;
				CLANG_WARN_INT_CONVERSION = YES;
				CLANG_WARN_NON_LITERAL_NULL_CONVERSION = YES;
				CLANG_WARN_OBJC_IMPLICIT_RETAIN_SELF = YES;
				CLANG_WARN_OBJC_LITERAL_CONVERSION = YES;
				CLANG_WARN_OBJC_ROOT_CLASS = YES_ERROR;
				CLANG_WARN_QUOTED_INCLUDE_IN_FRAMEWORK_HEADER = YES;
				CLANG_WARN_RANGE_LOOP_ANALYSIS = YES;
				CLANG_WARN_STRICT_PROTOTYPES = YES;
				CLANG_WARN_SUSPICIOUS_MOVE = YES;
				CLANG_WARN_UNGUARDED_AVAILABILITY = YES_AGGRESSIVE;
				CLANG_WARN_UNREACHABLE_CODE = YES;
				CLANG_WARN__DUPLICATE_METHOD_MATCH = YES;
				COPY_PHASE_STRIP = NO;
				DEBUG_INFORMATION_FORMAT = "dwarf-with-dsym";
				DEVELOPMENT_TEAM = H2F8GB5825;
				ENABLE_NS_ASSERTIONS = NO;
				ENABLE_STRICT_OBJC_MSGSEND = YES;
				ENABLE_USER_SCRIPT_SANDBOXING = YES;
				GCC_C_LANGUAGE_STANDARD = gnu17;
				GCC_NO_COMMON_BLOCKS = YES;
				GCC_WARN_64_TO_32_BIT_CONVERSION = YES;
				GCC_WARN_ABOUT_RETURN_TYPE = YES_ERROR;
				GCC_WARN_UNDECLARED_SELECTOR = YES;
				GCC_WARN_UNINITIALIZED_AUTOS = YES_AGGRESSIVE;
				GCC_WARN_UNUSED_FUNCTION = YES;
				GCC_WARN_UNUSED_VARIABLE = YES;
				IPHONEOS_DEPLOYMENT_TARGET = 17.0;
				LOCALIZATION_PREFERS_STRING_CATALOGS = YES;
				MTL_FAST_MATH = YES;
				SDKROOT = iphoneos;
				STRING_CATALOG_GENERATE_SYMBOLS = YES;
				SWIFT_COMPILATION_MODE = wholemodule;
				VALIDATE_PRODUCT = YES;
			};
			name = Release;
		};
		AA11000000000000000000F3 /* Debug */ = {
			isa = XCBuildConfiguration;
			buildSettings = {
				ASSETCATALOG_COMPILER_APPICON_NAME = AppIcon;
				ASSETCATALOG_COMPILER_GLOBAL_ACCENT_COLOR_NAME = AccentColor;
				CODE_SIGN_STYLE = Automatic;
				CURRENT_PROJECT_VERSION = 1;
				DEVELOPMENT_ASSET_PATHS = "";
				ENABLE_PREVIEWS = YES;
				GENERATE_INFOPLIST_FILE = YES;
				INFOPLIST_KEY_CFBundleDisplayName = HogaresRD;
				INFOPLIST_KEY_NSAppTransportSecurity = "<dict><key>NSAllowsArbitraryLoads</key><true/></dict>";
				INFOPLIST_KEY_NSLocationWhenInUseUsageDescription = "HogaresRD uses your location to show properties near you.";
				INFOPLIST_KEY_UIApplicationSceneManifest_Generation = YES;
				INFOPLIST_KEY_UIApplicationSupportsIndirectInputEvents = YES;
				INFOPLIST_KEY_UILaunchScreen_Generation = YES;
				INFOPLIST_KEY_UISupportedInterfaceOrientations_iPhone = "UIInterfaceOrientationPortrait UIInterfaceOrientationPortraitUpsideDown";
				IPHONEOS_DEPLOYMENT_TARGET = 17.0;
				LD_RUNPATH_SEARCH_PATHS = (
					"$(inherited)",
					"@executable_path/Frameworks",
				);
				MARKETING_VERSION = 1.0;
				PRODUCT_BUNDLE_IDENTIFIER = com.josty.hogaresrd;
				PRODUCT_NAME = "$(TARGET_NAME)";
				SWIFT_EMIT_LOC_STRINGS = YES;
				SWIFT_VERSION = 5.0;
				TARGETED_DEVICE_FAMILY = 1;
			};
			name = Debug;
		};
		AA11000000000000000000F4 /* Release */ = {
			isa = XCBuildConfiguration;
			buildSettings = {
				ASSETCATALOG_COMPILER_APPICON_NAME = AppIcon;
				ASSETCATALOG_COMPILER_GLOBAL_ACCENT_COLOR_NAME = AccentColor;
				CODE_SIGN_STYLE = Automatic;
				CURRENT_PROJECT_VERSION = 1;
				DEVELOPMENT_ASSET_PATHS = "";
				ENABLE_PREVIEWS = YES;
				GENERATE_INFOPLIST_FILE = YES;
				INFOPLIST_KEY_CFBundleDisplayName = HogaresRD;
				INFOPLIST_KEY_NSLocationWhenInUseUsageDescription = "HogaresRD uses your location to show properties near you.";
				INFOPLIST_KEY_UIApplicationSceneManifest_Generation = YES;
				INFOPLIST_KEY_UIApplicationSupportsIndirectInputEvents = YES;
				INFOPLIST_KEY_UILaunchScreen_Generation = YES;
				INFOPLIST_KEY_UISupportedInterfaceOrientations_iPhone = "UIInterfaceOrientationPortrait UIInterfaceOrientationPortraitUpsideDown";
				IPHONEOS_DEPLOYMENT_TARGET = 17.0;
				LD_RUNPATH_SEARCH_PATHS = (
					"$(inherited)",
					"@executable_path/Frameworks",
				);
				MARKETING_VERSION = 1.0;
				PRODUCT_BUNDLE_IDENTIFIER = com.josty.hogaresrd;
				PRODUCT_NAME = "$(TARGET_NAME)";
				SWIFT_EMIT_LOC_STRINGS = YES;
				SWIFT_VERSION = 5.0;
				TARGETED_DEVICE_FAMILY = 1;
			};
			name = Release;
		};
/* End XCBuildConfiguration section */

/* Begin XCConfigurationList section */
		AA11000000000000000000F5 /* Build configuration list for PBXProject "HogaresRD" */ = {
			isa = XCConfigurationList;
			buildConfigurations = (
				AA11000000000000000000F1 /* Debug */,
				AA11000000000000000000F2 /* Release */,
			);
			defaultConfigurationIsVisible = 0;
			defaultConfigurationName = Release;
		};
		AA11000000000000000000F6 /* Build configuration list for PBXNativeTarget "HogaresRD" */ = {
			isa = XCConfigurationList;
			buildConfigurations = (
				AA11000000000000000000F3 /* Debug */,
				AA11000000000000000000F4 /* Release */,
			);
			defaultConfigurationIsVisible = 0;
			defaultConfigurationName = Release;
		};
/* End XCConfigurationList section */
	};
	rootObject = AA11000000000000000000E2 /* Project object */;
}
